
Microsoft Visual Studio Solution File, Format Version 12.00
# Visual Studio 2013
Project("{FAE04EC0-301F-11D3-BF4B-00C04F79EFBC}") = "UnityVS.LINKDROPS.CSharp", "UnityVS.LINKDROPS.CSharp.csproj", "{FC5186AE-73F5-B63C-8DBA-4B3D0B3D2F9A}"
EndProject
Global
	GlobalSection(SolutionConfigurationPlatforms) = preSolution
		Debug|Any CPU = Debug|Any CPU
		Release|Any CPU = Release|Any CPU
	EndGlobalSection
	GlobalSection(ProjectConfigurationPlatforms) = postSolution
		{FC5186AE-73F5-B63C-8DBA-4B3D0B3D2F9A}.Debug|Any CPU.ActiveCfg = Debug|Any CPU
		{FC5186AE-73F5-B63C-8DBA-4B3D0B3D2F9A}.Debug|Any CPU.Build.0 = Debug|Any CPU
		{FC5186AE-73F5-B63C-8DBA-4B3D0B3D2F9A}.Release|Any CPU.ActiveCfg = Release|Any CPU
		{FC5186AE-73F5-B63C-8DBA-4B3D0B3D2F9A}.Release|Any CPU.Build.0 = Release|Any CPU
	EndGlobalSection
	GlobalSection(SolutionProperties) = preSolution
		HideSolutionNode = FALSE
	EndGlobalSection
EndGlobal
